
Microsoft Visual Studio Solution File, Format Version 12.00
# Visual Studio Version 17
VisualStudioVersion = 17.2.32630.192
MinimumVisualStudioVersion = 10.0.40219.1
Project("{FAE04EC0-301F-11D3-BF4B-00C04F79EFBC}") = "HRM.Api", "HRM.Api\HRM.Api.csproj", "{CEB2E2A3-A479-4632-AAA9-F806A9C74157}"
EndProject
Global
	GlobalSection(SolutionConfigurationPlatforms) = preSolution
		Debug|Any CPU = Debug|Any CPU
		Release|Any CPU = Release|Any CPU
	EndGlobalSection
	GlobalSection(ProjectConfigurationPlatforms) = postSolution
		{CEB2E2A3-A479-4632-AAA9-F806A9C74157}.Debug|Any CPU.ActiveCfg = Debug|Any CPU
		{CEB2E2A3-A479-4632-AAA9-F806A9C74157}.Debug|Any CPU.Build.0 = Debug|Any CPU
		{CEB2E2A3-A479-4632-AAA9-F806A9C74157}.Release|Any CPU.ActiveCfg = Release|Any CPU
		{CEB2E2A3-A479-4632-AAA9-F806A9C74157}.Release|Any CPU.Build.0 = Release|Any CPU
	EndGlobalSection
	GlobalSection(SolutionProperties) = preSolution
		HideSolutionNode = FALSE
	EndGlobalSection
	GlobalSection(ExtensibilityGlobals) = postSolution
		SolutionGuid = {D1F45FE7-354E-4F3F-B8BF-0A82ECEECCA9}
	EndGlobalSection
EndGlobal
